
Microsoft Visual Studio Solution File, Format Version 12.00
# Visual Studio 15
VisualStudioVersion = 15.0.27004.2008
MinimumVisualStudioVersion = 10.0.40219.1
Project("{8BC9CEB8-8B4A-11D0-8D11-00A0C91BC942}") = "Binary Search Trees", "Binary Search Trees\Binary Search Trees.vcxproj", "{463473BD-D2A5-40E7-A3FE-559DACD7CDEC}"
EndProject
Global
	GlobalSection(SolutionConfigurationPlatforms) = preSolution
		Debug|x64 = Debug|x64
		Debug|x86 = Debug|x86
		Release|x64 = Release|x64
		Release|x86 = Release|x86
	EndGlobalSection
	GlobalSection(ProjectConfigurationPlatforms) = postSolution
		{463473BD-D2A5-40E7-A3FE-559DACD7CDEC}.Debug|x64.ActiveCfg = Debug|x64
		{463473BD-D2A5-40E7-A3FE-559DACD7CDEC}.Debug|x64.Build.0 = Debug|x64
		{463473BD-D2A5-40E7-A3FE-559DACD7CDEC}.Debug|x86.ActiveCfg = Debug|Win32
		{463473BD-D2A5-40E7-A3FE-559DACD7CDEC}.Debug|x86.Build.0 = Debug|Win32
		{463473BD-D2A5-40E7-A3FE-559DACD7CDEC}.Release|x64.ActiveCfg = Release|x64
		{463473BD-D2A5-40E7-A3FE-559DACD7CDEC}.Release|x64.Build.0 = Release|x64
		{463473BD-D2A5-40E7-A3FE-559DACD7CDEC}.Release|x86.ActiveCfg = Release|Win32
		{463473BD-D2A5-40E7-A3FE-559DACD7CDEC}.Release|x86.Build.0 = Release|Win32
	EndGlobalSection
	GlobalSection(SolutionProperties) = preSolution
		HideSolutionNode = FALSE
	EndGlobalSection
	GlobalSection(ExtensibilityGlobals) = postSolution
		SolutionGuid = {4C62092D-484C-4EDA-BA8A-C9C263D97974}
	EndGlobalSection
EndGlobal
